// !$*UTF8*$!
{
	archiveVersion = 1;
	classes = {
	};
	objectVersion = 52;
	objects = {

/* Begin PBXBuildFile section */
		34397A0923C1971000E5619E /* AppDelegate.swift in Sources */ = {isa = PBXBuildFile; fileRef = 34397A0823C1971000E5619E /* AppDelegate.swift */; };
		34397A0B23C1971000E5619E /* SceneDelegate.swift in Sources */ = {isa = PBXBuildFile; fileRef = 34397A0A23C1971000E5619E /* SceneDelegate.swift */; };
		34397A0D23C1971000E5619E /* ViewController.swift in Sources */ = {isa = PBXBuildFile; fileRef = 34397A0C23C1971000E5619E /* ViewController.swift */; };
		34397A1023C1971000E5619E /* Main.storyboard in Resources */ = {isa = PBXBuildFile; fileRef = 34397A0E23C1971000E5619E /* Main.storyboard */; };
		34397A1223C1971400E5619E /* Assets.xcassets in Resources */ = {isa = PBXBuildFile; fileRef = 34397A1123C1971400E5619E /* Assets.xcassets */; };
		34397A1523C1971400E5619E /* LaunchScreen.storyboard in Resources */ = {isa = PBXBuildFile; fileRef = 34397A1323C1971400E5619E /* LaunchScreen.storyboard */; };
		34F6986F23C1A55B00840A1D /* PQLabel in Frameworks */ = {isa = PBXBuildFile; productRef = 34F6986E23C1A55B00840A1D /* PQLabel */; };
		34F6987023C1A55B00840A1D /* PQLabel in Embed Frameworks */ = {isa = PBXBuildFile; productRef = 34F6986E23C1A55B00840A1D /* PQLabel */; settings = {ATTRIBUTES = (CodeSignOnCopy, ); }; };
/* End PBXBuildFile section */

/* Begin PBXCopyFilesBuildPhase section */
		34397A2023C1973E00E5619E /* Embed Frameworks */ = {
			isa = PBXCopyFilesBuildPhase;
			buildActionMask = 2147483647;
			dstPath = "";
			dstSubfolderSpec = 10;
			files = (
				34F6987023C1A55B00840A1D /* PQLabel in Embed Frameworks */,
			);
			name = "Embed Frameworks";
			runOnlyForDeploymentPostprocessing = 0;
		};
/* End PBXCopyFilesBuildPhase section */

/* Begin PBXFileReference section */
		34397A0523C1971000E5619E /* PQLabelDemo.app */ = {isa = PBXFileReference; explicitFileType = wrapper.application; includeInIndex = 0; path = PQLabelDemo.app; sourceTree = BUILT_PRODUCTS_DIR; };
		34397A0823C1971000E5619E /* AppDelegate.swift */ = {isa = PBXFileReference; lastKnownFileType = sourcecode.swift; path = AppDelegate.swift; sourceTree = "<group>"; };
		34397A0A23C1971000E5619E /* SceneDelegate.swift */ = {isa = PBXFileReference; lastKnownFileType = sourcecode.swift; path = SceneDelegate.swift; sourceTree = "<group>"; };
		34397A0C23C1971000E5619E /* ViewController.swift */ = {isa = PBXFileReference; lastKnownFileType = sourcecode.swift; path = ViewController.swift; sourceTree = "<group>"; };
		34397A0F23C1971000E5619E /* Base */ = {isa = PBXFileReference; lastKnownFileType = file.storyboard; name = Base; path = Base.lproj/Main.storyboard; sourceTree = "<group>"; };
		34397A1123C1971400E5619E /* Assets.xcassets */ = {isa = PBXFileReference; lastKnownFileType = folder.assetcatalog; path = Assets.xcassets; sourceTree = "<group>"; };
		34397A1423C1971400E5619E /* Base */ = {isa = PBXFileReference; lastKnownFileType = file.storyboard; name = Base; path = Base.lproj/LaunchScreen.storyboard; sourceTree = "<group>"; };
		34397A1623C1971400E5619E /* Info.plist */ = {isa = PBXFileReference; lastKnownFileType = text.plist.xml; path = Info.plist; sourceTree = "<group>"; };
/* End PBXFileReference section */

/* Begin PBXFrameworksBuildPhase section */
		34397A0223C1971000E5619E /* Frameworks */ = {
			isa = PBXFrameworksBuildPhase;
			buildActionMask = 2147483647;
			files = (
				34F6986F23C1A55B00840A1D /* PQLabel in Frameworks */,
			);
			runOnlyForDeploymentPostprocessing = 0;
		};
/* End PBXFrameworksBuildPhase section */

/* Begin PBXGroup section */
		343979FC23C1971000E5619E = {
			isa = PBXGroup;
			children = (
				34397A0723C1971000E5619E /* PQLabelDemo */,
				34397A0623C1971000E5619E /* Products */,
			);
			sourceTree = "<group>";
		};
		34397A0623C1971000E5619E /* Products */ = {
			isa = PBXGroup;
			children = (
				34397A0523C1971000E5619E /* PQLabelDemo.app */,
			);
			name = Products;
			sourceTree = "<group>";
		};
		34397A0723C1971000E5619E /* PQLabelDemo */ = {
			isa = PBXGroup;
			children = (
				34397A0823C1971000E5619E /* AppDelegate.swift */,
				34397A0A23C1971000E5619E /* SceneDelegate.swift */,
				34397A0C23C1971000E5619E /* ViewController.swift */,
				34397A0E23C1971000E5619E /* Main.storyboard */,
				34397A1123C1971400E5619E /* Assets.xcassets */,
				34397A1323C1971400E5619E /* LaunchScreen.storyboard */,
				34397A1623C1971400E5619E /* Info.plist */,
			);
			path = PQLabelDemo;
			sourceTree = "<group>";
		};
/* End PBXGroup section */

/* Begin PBXNativeTarget section */
		34397A0423C1971000E5619E /* PQLabelDemo */ = {
			isa = PBXNativeTarget;
			buildConfigurationList = 34397A1923C1971400E5619E /* Build configuration list for PBXNativeTarget "PQLabelDemo" */;
			buildPhases = (
				34397A0123C1971000E5619E /* Sources */,
				34397A0223C1971000E5619E /* Frameworks */,
				34397A0323C1971000E5619E /* Resources */,
				34397A2023C1973E00E5619E /* Embed Frameworks */,
			);
			buildRules = (
			);
			dependencies = (
			);
			name = PQLabelDemo;
			packageProductDependencies = (
				34F6986E23C1A55B00840A1D /* PQLabel */,
			);
			productName = PQLabelDemo;
			productReference = 34397A0523C1971000E5619E /* PQLabelDemo.app */;
			productType = "com.apple.product-type.application";
		};
/* End PBXNativeTarget section */

/* Begin PBXProject section */
		343979FD23C1971000E5619E /* Project object */ = {
			isa = PBXProject;
			attributes = {
				LastSwiftUpdateCheck = 1130;
				LastUpgradeCheck = 1130;
				ORGANIZATIONNAME = Harry;
				TargetAttributes = {
					34397A0423C1971000E5619E = {
						CreatedOnToolsVersion = 11.3;
					};
				};
			};
			buildConfigurationList = 34397A0023C1971000E5619E /* Build configuration list for PBXProject "PQLabelDemo" */;
			compatibilityVersion = "Xcode 9.3";
			developmentRegion = en;
			hasScannedForEncodings = 0;
			knownRegions = (
				en,
				Base,
			);
			mainGroup = 343979FC23C1971000E5619E;
			packageReferences = (
				34F6986D23C1A55B00840A1D /* XCRemoteSwiftPackageReference "PQLabel" */,
			);
			productRefGroup = 34397A0623C1971000E5619E /* Products */;
			projectDirPath = "";
			projectRoot = "";
			targets = (
				34397A0423C1971000E5619E /* PQLabelDemo */,
			);
		};
/* End PBXProject section */

/* Begin PBXResourcesBuildPhase section */
		34397A0323C1971000E5619E /* Resources */ = {
			isa = PBXResourcesBuildPhase;
			buildActionMask = 2147483647;
			files = (
				34397A1523C1971400E5619E /* LaunchScreen.storyboard in Resources */,
				34397A1223C1971400E5619E /* Assets.xcassets in Resources */,
				34397A1023C1971000E5619E /* Main.storyboard in Resources */,
			);
			runOnlyForDeploymentPostprocessing = 0;
		};
/* End PBXResourcesBuildPhase section */

/* Begin PBXSourcesBuildPhase section */
		34397A0123C1971000E5619E /* Sources */ = {
			isa = PBXSourcesBuildPhase;
			buildActionMask = 2147483647;
			files = (
				34397A0D23C1971000E5619E /* ViewController.swift in Sources */,
				34397A0923C1971000E5619E /* AppDelegate.swift in Sources */,
				34397A0B23C1971000E5619E /* SceneDelegate.swift in Sources */,
			);
			runOnlyForDeploymentPostprocessing = 0;
		};
/* End PBXSourcesBuildPhase section */

/* Begin PBXVariantGroup section */
		34397A0E23C1971000E5619E /* Main.storyboard */ = {
			isa = PBXVariantGroup;
			children = (
				34397A0F23C1971000E5619E /* Base */,
			);
			name = Main.storyboard;
			sourceTree = "<group>";
		};
		34397A1323C1971400E5619E /* LaunchScreen.storyboard */ = {
			isa = PBXVariantGroup;
			children = (
				34397A1423C1971400E5619E /* Base */,
			);
			name = LaunchScreen.storyboard;
			sourceTree = "<group>";
		};
/* End PBXVariantGroup section */

/* Begin XCBuildConfiguration section */
		34397A1723C1971400E5619E /* Debug */ = {
			isa = XCBuildConfiguration;
			buildSettings = {
				ALWAYS_SEARCH_USER_PATHS = NO;
				CLANG_ANALYZER_NONNULL = YES;
				CLANG_ANALYZER_NUMBER_OBJECT_CONVERSION = YES_AGGRESSIVE;
				CLANG_CXX_LANGUAGE_STANDARD = "gnu++14";
				CLANG_CXX_LIBRARY = "libc++";
				CLANG_ENABLE_MODULES = YES;
				CLANG_ENABLE_OBJC_ARC = YES;
				CLANG_ENABLE_OBJC_WEAK = YES;
				CLANG_WARN_BLOCK_CAPTURE_AUTORELEASING = YES;
				CLANG_WARN_BOOL_CONVERSION = YES;
				CLANG_WARN_COMMA = YES;
				CLANG_WARN_CONSTANT_CONVERSION = YES;
				CLANG_WARN_DEPRECATED_OBJC_IMPLEMENTATIONS = YES;
				CLANG_WARN_DIRECT_OBJC_ISA_USAGE = YES_ERROR;
				CLANG_WARN_DOCUMENTATION_COMMENTS = YES;
				CLANG_WARN_EMPTY_BODY = YES;
				CLANG_WARN_ENUM_CONVERSION = YES;
				CLANG_WARN_INFINITE_RECURSION = YES;
				CLANG_WARN_INT_CONVERSION = YES;
				CLANG_WARN_NON_LITERAL_NULL_CONVERSION = YES;
				CLANG_WARN_OBJC_IMPLICIT_RETAIN_SELF = YES;
				CLANG_WARN_OBJC_LITERAL_CONVERSION = YES;
				CLANG_WARN_OBJC_ROOT_CLASS = YES_ERROR;
				CLANG_WARN_RANGE_LOOP_ANALYSIS = YES;
				CLANG_WARN_STRICT_PROTOTYPES = YES;
				CLANG_WARN_SUSPICIOUS_MOVE = YES;
				CLANG_WARN_UNGUARDED_AVAILABILITY = YES_AGGRESSIVE;
				CLANG_WARN_UNREACHABLE_CODE = YES;
				CLANG_WARN__DUPLICATE_METHOD_MATCH = YES;
				COPY_PHASE_STRIP = NO;
				DEBUG_INFORMATION_FORMAT = dwarf;
				ENABLE_STRICT_OBJC_MSGSEND = YES;
				ENABLE_TESTABILITY = YES;
				GCC_C_LANGUAGE_STANDARD = gnu11;
				GCC_DYNAMIC_NO_PIC = NO;
				GCC_NO_COMMON_BLOCKS = YES;
				GCC_OPTIMIZATION_LEVEL = 0;
				GCC_PREPROCESSOR_DEFINITIONS = (
					"DEBUG=1",
					"$(inherited)",
				);
				GCC_WARN_64_TO_32_BIT_CONVERSION = YES;
				GCC_WARN_ABOUT_RETURN_TYPE = YES_ERROR;
				GCC_WARN_UNDECLARED_SELECTOR = YES;
				GCC_WARN_UNINITIALIZED_AUTOS = YES_AGGRESSIVE;
				GCC_WARN_UNUSED_FUNCTION = YES;
				GCC_WARN_UNUSED_VARIABLE = YES;
				IPHONEOS_DEPLOYMENT_TARGET = 13.2;
				MTL_ENABLE_DEBUG_INFO = INCLUDE_SOURCE;
				MTL_FAST_MATH = YES;
				ONLY_ACTIVE_ARCH = YES;
				SDKROOT = iphoneos;
				SWIFT_ACTIVE_COMPILATION_CONDITIONS = DEBUG;
				SWIFT_OPTIMIZATION_LEVEL = "-Onone";
			};
			name = Debug;
		};
		34397A1823C1971400E5619E /* Release */ = {
			isa = XCBuildConfiguration;
			buildSettings = {
				ALWAYS_SEARCH_USER_PATHS = NO;
				CLANG_ANALYZER_NONNULL = YES;
				CLANG_ANALYZER_NUMBER_OBJECT_CONVERSION = YES_AGGRESSIVE;
				CLANG_CXX_LANGUAGE_STANDARD = "gnu++14";
				CLANG_CXX_LIBRARY = "libc++";
				CLANG_ENABLE_MODULES = YES;
				CLANG_ENABLE_OBJC_ARC = YES;
				CLANG_ENABLE_OBJC_WEAK = YES;
				CLANG_WARN_BLOCK_CAPTURE_AUTORELEASING = YES;
				CLANG_WARN_BOOL_CONVERSION = YES;
				CLANG_WARN_COMMA = YES;
				CLANG_WARN_CONSTANT_CONVERSION = YES;
				CLANG_WARN_DEPRECATED_OBJC_IMPLEMENTATIONS = YES;
				CLANG_WARN_DIRECT_OBJC_ISA_USAGE = YES_ERROR;
				CLANG_WARN_DOCUMENTATION_COMMENTS = YES;
				CLANG_WARN_EMPTY_BODY = YES;
				CLANG_WARN_ENUM_CONVERSION = YES;
				CLANG_WARN_INFINITE_RECURSION = YES;
				CLANG_WARN_INT_CONVERSION = YES;
				CLANG_WARN_NON_LITERAL_NULL_CONVERSION = YES;
				CLANG_WARN_OBJC_IMPLICIT_RETAIN_SELF = YES;
				CLANG_WARN_OBJC_LITERAL_CONVERSION = YES;
				CLANG_WARN_OBJC_ROOT_CLASS = YES_ERROR;
				CLANG_WARN_RANGE_LOOP_ANALYSIS = YES;
				CLANG_WARN_STRICT_PROTOTYPES = YES;
				CLANG_WARN_SUSPICIOUS_MOVE = YES;
				CLANG_WARN_UNGUARDED_AVAILABILITY = YES_AGGRESSIVE;
				CLANG_WARN_UNREACHABLE_CODE = YES;
				CLANG_WARN__DUPLICATE_METHOD_MATCH = YES;
				COPY_PHASE_STRIP = NO;
				DEBUG_INFORMATION_FORMAT = "dwarf-with-dsym";
				ENABLE_NS_ASSERTIONS = NO;
				ENABLE_STRICT_OBJC_MSGSEND = YES;
				GCC_C_LANGUAGE_STANDARD = gnu11;
				GCC_NO_COMMON_BLOCKS = YES;
				GCC_WARN_64_TO_32_BIT_CONVERSION = YES;
				GCC_WARN_ABOUT_RETURN_TYPE = YES_ERROR;
				GCC_WARN_UNDECLARED_SELECTOR = YES;
				GCC_WARN_UNINITIALIZED_AUTOS = YES_AGGRESSIVE;
				GCC_WARN_UNUSED_FUNCTION = YES;
				GCC_WARN_UNUSED_VARIABLE = YES;
				IPHONEOS_DEPLOYMENT_TARGET = 13.2;
				MTL_ENABLE_DEBUG_INFO = NO;
				MTL_FAST_MATH = YES;
				SDKROOT = iphoneos;
				SWIFT_COMPILATION_MODE = wholemodule;
				SWIFT_OPTIMIZATION_LEVEL = "-O";
				VALIDATE_PRODUCT = YES;
			};
			name = Release;
		};
		34397A1A23C1971400E5619E /* Debug */ = {
			isa = XCBuildConfiguration;
			buildSettings = {
				ASSETCATALOG_COMPILER_APPICON_NAME = AppIcon;
				CODE_SIGN_STYLE = Automatic;
				INFOPLIST_FILE = PQLabelDemo/Info.plist;
				LD_RUNPATH_SEARCH_PATHS = (
					"$(inherited)",
					"@executable_path/Frameworks",
				);
				PRODUCT_BUNDLE_IDENTIFIER = com.example.PQLabelDemo;
				PRODUCT_NAME = "$(TARGET_NAME)";
				SWIFT_VERSION = 5.0;
				TARGETED_DEVICE_FAMILY = "1,2";
			};
			name = Debug;
		};
		34397A1B23C1971400E5619E /* Release */ = {
			isa = XCBuildConfiguration;
			buildSettings = {
				ASSETCATALOG_COMPILER_APPICON_NAME = AppIcon;
				CODE_SIGN_STYLE = Automatic;
				INFOPLIST_FILE = PQLabelDemo/Info.plist;
				LD_RUNPATH_SEARCH_PATHS = (
					"$(inherited)",
					"@executable_path/Frameworks",
				);
				PRODUCT_BUNDLE_IDENTIFIER = com.example.PQLabelDemo;
				PRODUCT_NAME = "$(TARGET_NAME)";
				SWIFT_VERSION = 5.0;
				TARGETED_DEVICE_FAMILY = "1,2";
			};
			name = Release;
		};
/* End XCBuildConfiguration section */

/* Begin XCConfigurationList section */
		34397A0023C1971000E5619E /* Build configuration list for PBXProject "PQLabelDemo" */ = {
			isa = XCConfigurationList;
			buildConfigurations = (
				34397A1723C1971400E5619E /* Debug */,
				34397A1823C1971400E5619E /* Release */,
			);
			defaultConfigurationIsVisible = 0;
			defaultConfigurationName = Release;
		};
		34397A1923C1971400E5619E /* Build configuration list for PBXNativeTarget "PQLabelDemo" */ = {
			isa = XCConfigurationList;
			buildConfigurations = (
				34397A1A23C1971400E5619E /* Debug */,
				34397A1B23C1971400E5619E /* Release */,
			);
			defaultConfigurationIsVisible = 0;
			defaultConfigurationName = Release;
		};
/* End XCConfigurationList section */

/* Begin XCRemoteSwiftPackageReference section */
		34F6986D23C1A55B00840A1D /* XCRemoteSwiftPackageReference "PQLabel" */ = {
			isa = XCRemoteSwiftPackageReference;
			repositoryURL = "https://github.com/kcome/PQLabel";
			requirement = {
				branch = master;
				kind = branch;
			};
		};
/* End XCRemoteSwiftPackageReference section */

/* Begin XCSwiftPackageProductDependency section */
		34F6986E23C1A55B00840A1D /* PQLabel */ = {
			isa = XCSwiftPackageProductDependency;
			package = 34F6986D23C1A55B00840A1D /* XCRemoteSwiftPackageReference "PQLabel" */;
			productName = PQLabel;
		};
/* End XCSwiftPackageProductDependency section */
	};
	rootObject = 343979FD23C1971000E5619E /* Project object */;
}
